
Microsoft Visual Studio Solution File, Format Version 12.00
# Visual Studio Version 16
VisualStudioVersion = 16.0.29709.97
MinimumVisualStudioVersion = 10.0.40219.1
Project("{2150E333-8FDC-42A3-9474-1A3956D46DE8}") = "src", "src", "{704DEEE9-3BC9-4850-8D8A-B2D646A82C9C}"
EndProject
Project("{2150E333-8FDC-42A3-9474-1A3956D46DE8}") = "Web.API", "Web.API", "{B6F75B09-C70F-43BE-970A-F948BE061A91}"
EndProject
Project("{2150E333-8FDC-42A3-9474-1A3956D46DE8}") = "Web.Client", "Web.Client", "{2CEC785F-2A07-49D1-B190-8ABFCA67E12A}"
EndProject
Project("{2150E333-8FDC-42A3-9474-1A3956D46DE8}") = "tests", "tests", "{FE1C64AD-975A-4FFE-8909-8A6889FD1808}"
EndProject
Project("{9A19103F-16F7-4668-BE54-9A1E7A4F7556}") = "MyMusic.API", "MyMusic.API\MyMusic.API.csproj", "{C7CE65C9-D8B5-42FC-8BE6-5EB82BC12030}"
EndProject
Project("{9A19103F-16F7-4668-BE54-9A1E7A4F7556}") = "MyMusic.Core", "MyMusic.Core\MyMusic.Core.csproj", "{0E409E9F-9A87-49E3-B32C-77462A282F7F}"
EndProject
Project("{9A19103F-16F7-4668-BE54-9A1E7A4F7556}") = "MyMusic.Services", "MyMusic.Services\MyMusic.Services.csproj", "{49504A00-DFF4-4005-B31D-3997E49CC8D8}"
EndProject
Project("{9A19103F-16F7-4668-BE54-9A1E7A4F7556}") = "MyMusic.Data", "MyMusic.Data\MyMusic.Data.csproj", "{D755DBA5-9734-4966-BAE4-B938D786189C}"
EndProject
Project("{9A19103F-16F7-4668-BE54-9A1E7A4F7556}") = "MyMusic.Data.MongoDB", "MyMusic.Data.MongoDB\MyMusic.Data.MongoDB.csproj", "{8AF35F99-36A5-4C49-A932-173D76666055}"
EndProject
Project("{9A19103F-16F7-4668-BE54-9A1E7A4F7556}") = "MyMusicMVC", "MyMusicMVC\MyMusicMVC.csproj", "{FEA26054-53ED-4241-897E-C8266216DE51}"
EndProject
Project("{FAE04EC0-301F-11D3-BF4B-00C04F79EFBC}") = "ClassLibrary1", "ClassLibrary1\ClassLibrary1.csproj", "{5A1E66FB-7B67-478C-A055-240DC890FD39}"
EndProject
Global
	GlobalSection(SolutionConfigurationPlatforms) = preSolution
		Debug|Any CPU = Debug|Any CPU
		Release|Any CPU = Release|Any CPU
	EndGlobalSection
	GlobalSection(ProjectConfigurationPlatforms) = postSolution
		{C7CE65C9-D8B5-42FC-8BE6-5EB82BC12030}.Debug|Any CPU.ActiveCfg = Debug|Any CPU
		{C7CE65C9-D8B5-42FC-8BE6-5EB82BC12030}.Debug|Any CPU.Build.0 = Debug|Any CPU
		{C7CE65C9-D8B5-42FC-8BE6-5EB82BC12030}.Release|Any CPU.ActiveCfg = Release|Any CPU
		{C7CE65C9-D8B5-42FC-8BE6-5EB82BC12030}.Release|Any CPU.Build.0 = Release|Any CPU
		{0E409E9F-9A87-49E3-B32C-77462A282F7F}.Debug|Any CPU.ActiveCfg = Debug|Any CPU
		{0E409E9F-9A87-49E3-B32C-77462A282F7F}.Debug|Any CPU.Build.0 = Debug|Any CPU
		{0E409E9F-9A87-49E3-B32C-77462A282F7F}.Release|Any CPU.ActiveCfg = Release|Any CPU
		{0E409E9F-9A87-49E3-B32C-77462A282F7F}.Release|Any CPU.Build.0 = Release|Any CPU
		{49504A00-DFF4-4005-B31D-3997E49CC8D8}.Debug|Any CPU.ActiveCfg = Debug|Any CPU
		{49504A00-DFF4-4005-B31D-3997E49CC8D8}.Debug|Any CPU.Build.0 = Debug|Any CPU
		{49504A00-DFF4-4005-B31D-3997E49CC8D8}.Release|Any CPU.ActiveCfg = Release|Any CPU
		{49504A00-DFF4-4005-B31D-3997E49CC8D8}.Release|Any CPU.Build.0 = Release|Any CPU
		{D755DBA5-9734-4966-BAE4-B938D786189C}.Debug|Any CPU.ActiveCfg = Debug|Any CPU
		{D755DBA5-9734-4966-BAE4-B938D786189C}.Debug|Any CPU.Build.0 = Debug|Any CPU
		{D755DBA5-9734-4966-BAE4-B938D786189C}.Release|Any CPU.ActiveCfg = Release|Any CPU
		{D755DBA5-9734-4966-BAE4-B938D786189C}.Release|Any CPU.Build.0 = Release|Any CPU
		{8AF35F99-36A5-4C49-A932-173D76666055}.Debug|Any CPU.ActiveCfg = Debug|Any CPU
		{8AF35F99-36A5-4C49-A932-173D76666055}.Debug|Any CPU.Build.0 = Debug|Any CPU
		{8AF35F99-36A5-4C49-A932-173D76666055}.Release|Any CPU.ActiveCfg = Release|Any CPU
		{8AF35F99-36A5-4C49-A932-173D76666055}.Release|Any CPU.Build.0 = Release|Any CPU
		{FEA26054-53ED-4241-897E-C8266216DE51}.Debug|Any CPU.ActiveCfg = Debug|Any CPU
		{FEA26054-53ED-4241-897E-C8266216DE51}.Debug|Any CPU.Build.0 = Debug|Any CPU
		{FEA26054-53ED-4241-897E-C8266216DE51}.Release|Any CPU.ActiveCfg = Release|Any CPU
		{FEA26054-53ED-4241-897E-C8266216DE51}.Release|Any CPU.Build.0 = Release|Any CPU
		{5A1E66FB-7B67-478C-A055-240DC890FD39}.Debug|Any CPU.ActiveCfg = Debug|Any CPU
		{5A1E66FB-7B67-478C-A055-240DC890FD39}.Debug|Any CPU.Build.0 = Debug|Any CPU
		{5A1E66FB-7B67-478C-A055-240DC890FD39}.Release|Any CPU.ActiveCfg = Release|Any CPU
		{5A1E66FB-7B67-478C-A055-240DC890FD39}.Release|Any CPU.Build.0 = Release|Any CPU
	EndGlobalSection
	GlobalSection(SolutionProperties) = preSolution
		HideSolutionNode = FALSE
	EndGlobalSection
	GlobalSection(NestedProjects) = preSolution
		{B6F75B09-C70F-43BE-970A-F948BE061A91} = {704DEEE9-3BC9-4850-8D8A-B2D646A82C9C}
		{2CEC785F-2A07-49D1-B190-8ABFCA67E12A} = {704DEEE9-3BC9-4850-8D8A-B2D646A82C9C}
		{C7CE65C9-D8B5-42FC-8BE6-5EB82BC12030} = {B6F75B09-C70F-43BE-970A-F948BE061A91}
		{0E409E9F-9A87-49E3-B32C-77462A282F7F} = {B6F75B09-C70F-43BE-970A-F948BE061A91}
		{49504A00-DFF4-4005-B31D-3997E49CC8D8} = {B6F75B09-C70F-43BE-970A-F948BE061A91}
		{D755DBA5-9734-4966-BAE4-B938D786189C} = {B6F75B09-C70F-43BE-970A-F948BE061A91}
		{8AF35F99-36A5-4C49-A932-173D76666055} = {B6F75B09-C70F-43BE-970A-F948BE061A91}
		{FEA26054-53ED-4241-897E-C8266216DE51} = {2CEC785F-2A07-49D1-B190-8ABFCA67E12A}
	EndGlobalSection
	GlobalSection(ExtensibilityGlobals) = postSolution
		SolutionGuid = {BD866081-CDDF-428B-9C0F-AEE98589DE76}
	EndGlobalSection
EndGlobal
